
Microsoft Visual Studio Solution File, Format Version 12.00
# Visual Studio Version 17
VisualStudioVersion = 17.0.31903.59
MinimumVisualStudioVersion = 10.0.40219.1
Project("{9A19103F-16F7-4668-BE54-9A1E7A4F7556}") = "坐标系转换", "坐标系转换\坐标系转换.csproj", "{EEFA3F9F-CFB9-42A6-A037-9127A6E1E057}"
EndProject
Project("{9A19103F-16F7-4668-BE54-9A1E7A4F7556}") = "高斯平均引数法", "高斯平均引数法\高斯平均引数法.csproj", "{4AF2C94F-08A5-420A-B455-89A20E7C0156}"
EndProject
Project("{FAE04EC0-301F-11D3-BF4B-00C04F79EFBC}") = "白塞尔大地主题解算", "白塞尔大地主题解算\白塞尔大地主题解算.csproj", "{6B5217B4-D3E1-4F4B-BBD0-542F58B84CC1}"
EndProject
Global
	GlobalSection(SolutionConfigurationPlatforms) = preSolution
		Debug|Any CPU = Debug|Any CPU
		Release|Any CPU = Release|Any CPU
	EndGlobalSection
	GlobalSection(ProjectConfigurationPlatforms) = postSolution
		{EEFA3F9F-CFB9-42A6-A037-9127A6E1E057}.Debug|Any CPU.ActiveCfg = Debug|Any CPU
		{EEFA3F9F-CFB9-42A6-A037-9127A6E1E057}.Debug|Any CPU.Build.0 = Debug|Any CPU
		{EEFA3F9F-CFB9-42A6-A037-9127A6E1E057}.Release|Any CPU.ActiveCfg = Release|Any CPU
		{EEFA3F9F-CFB9-42A6-A037-9127A6E1E057}.Release|Any CPU.Build.0 = Release|Any CPU
		{4AF2C94F-08A5-420A-B455-89A20E7C0156}.Debug|Any CPU.ActiveCfg = Debug|Any CPU
		{4AF2C94F-08A5-420A-B455-89A20E7C0156}.Debug|Any CPU.Build.0 = Debug|Any CPU
		{4AF2C94F-08A5-420A-B455-89A20E7C0156}.Release|Any CPU.ActiveCfg = Release|Any CPU
		{4AF2C94F-08A5-420A-B455-89A20E7C0156}.Release|Any CPU.Build.0 = Release|Any CPU
		{6B5217B4-D3E1-4F4B-BBD0-542F58B84CC1}.Debug|Any CPU.ActiveCfg = Debug|Any CPU
		{6B5217B4-D3E1-4F4B-BBD0-542F58B84CC1}.Debug|Any CPU.Build.0 = Debug|Any CPU
		{6B5217B4-D3E1-4F4B-BBD0-542F58B84CC1}.Release|Any CPU.ActiveCfg = Release|Any CPU
		{6B5217B4-D3E1-4F4B-BBD0-542F58B84CC1}.Release|Any CPU.Build.0 = Release|Any CPU
	EndGlobalSection
	GlobalSection(SolutionProperties) = preSolution
		HideSolutionNode = FALSE
	EndGlobalSection
	GlobalSection(ExtensibilityGlobals) = postSolution
		SolutionGuid = {7C34AD86-DB43-45A2-ACF3-AF32121BC42B}
	EndGlobalSection
EndGlobal
