
Microsoft Visual Studio Solution File, Format Version 12.00
# Visual Studio Version 17
VisualStudioVersion = 17.0.31903.59
MinimumVisualStudioVersion = 10.0.40219.1
Project("{9A19103F-16F7-4668-BE54-9A1E7A4F7556}") = "间接平差控制台", "间接平差控制台\间接平差控制台.csproj", "{11CB0D7D-4E6B-4AA3-9CA4-1F86A28A3F3D}"
EndProject
Global
	GlobalSection(SolutionConfigurationPlatforms) = preSolution
		Debug|Any CPU = Debug|Any CPU
		Release|Any CPU = Release|Any CPU
	EndGlobalSection
	GlobalSection(ProjectConfigurationPlatforms) = postSolution
		{11CB0D7D-4E6B-4AA3-9CA4-1F86A28A3F3D}.Debug|Any CPU.ActiveCfg = Debug|Any CPU
		{11CB0D7D-4E6B-4AA3-9CA4-1F86A28A3F3D}.Debug|Any CPU.Build.0 = Debug|Any CPU
		{11CB0D7D-4E6B-4AA3-9CA4-1F86A28A3F3D}.Release|Any CPU.ActiveCfg = Release|Any CPU
		{11CB0D7D-4E6B-4AA3-9CA4-1F86A28A3F3D}.Release|Any CPU.Build.0 = Release|Any CPU
	EndGlobalSection
	GlobalSection(SolutionProperties) = preSolution
		HideSolutionNode = FALSE
	EndGlobalSection
	GlobalSection(ExtensibilityGlobals) = postSolution
		SolutionGuid = {7EE0CD45-F817-4B07-ACFF-32655E6D59B2}
	EndGlobalSection
EndGlobal
