
Microsoft Visual Studio Solution File, Format Version 12.00
# Visual Studio Version 17
VisualStudioVersion = 17.0.31903.59
MinimumVisualStudioVersion = 10.0.40219.1
Project("{FAE04EC0-301F-11D3-BF4B-00C04F79EFBC}") = "ThreeLayer.DAL", "ThreeLayer.DAL\ThreeLayer.DAL.csproj", "{E5FB7F5D-3F08-401D-B044-80DE825EBD6F}"
EndProject
Project("{FAE04EC0-301F-11D3-BF4B-00C04F79EFBC}") = "ThreeLayer.BLL", "ThreeLayer.BLL\ThreeLayer.BLL.csproj", "{29D0BD91-D822-4F6A-875E-8304F22D9923}"
EndProject
Project("{FAE04EC0-301F-11D3-BF4B-00C04F79EFBC}") = "ThreeLayer.Model", "ThreeLayer.Model\ThreeLayer.Model.csproj", "{173A0519-DE1D-4EC0-8838-6EA21DFED9F2}"
EndProject
Project("{FAE04EC0-301F-11D3-BF4B-00C04F79EFBC}") = "ThreeLayer.Common", "ThreeLayer.Common\ThreeLayer.Common.csproj", "{AA097962-C61B-43E3-B87F-1D01AB481B5E}"
EndProject
Project("{FAE04EC0-301F-11D3-BF4B-00C04F79EFBC}") = "ThreeLayerFramework", "ThreeLayerFramework\ThreeLayerFramework.csproj", "{8EFFD099-F185-4AD5-9AF1-C3D6E198E522}"
EndProject
Global
	GlobalSection(SolutionConfigurationPlatforms) = preSolution
		Debug|Any CPU = Debug|Any CPU
		Release|Any CPU = Release|Any CPU
	EndGlobalSection
	GlobalSection(ProjectConfigurationPlatforms) = postSolution
		{E5FB7F5D-3F08-401D-B044-80DE825EBD6F}.Debug|Any CPU.ActiveCfg = Debug|Any CPU
		{E5FB7F5D-3F08-401D-B044-80DE825EBD6F}.Debug|Any CPU.Build.0 = Debug|Any CPU
		{E5FB7F5D-3F08-401D-B044-80DE825EBD6F}.Release|Any CPU.ActiveCfg = Release|Any CPU
		{E5FB7F5D-3F08-401D-B044-80DE825EBD6F}.Release|Any CPU.Build.0 = Release|Any CPU
		{29D0BD91-D822-4F6A-875E-8304F22D9923}.Debug|Any CPU.ActiveCfg = Debug|Any CPU
		{29D0BD91-D822-4F6A-875E-8304F22D9923}.Debug|Any CPU.Build.0 = Debug|Any CPU
		{29D0BD91-D822-4F6A-875E-8304F22D9923}.Release|Any CPU.ActiveCfg = Release|Any CPU
		{29D0BD91-D822-4F6A-875E-8304F22D9923}.Release|Any CPU.Build.0 = Release|Any CPU
		{173A0519-DE1D-4EC0-8838-6EA21DFED9F2}.Debug|Any CPU.ActiveCfg = Debug|Any CPU
		{173A0519-DE1D-4EC0-8838-6EA21DFED9F2}.Debug|Any CPU.Build.0 = Debug|Any CPU
		{173A0519-DE1D-4EC0-8838-6EA21DFED9F2}.Release|Any CPU.ActiveCfg = Release|Any CPU
		{173A0519-DE1D-4EC0-8838-6EA21DFED9F2}.Release|Any CPU.Build.0 = Release|Any CPU
		{AA097962-C61B-43E3-B87F-1D01AB481B5E}.Debug|Any CPU.ActiveCfg = Debug|Any CPU
		{AA097962-C61B-43E3-B87F-1D01AB481B5E}.Debug|Any CPU.Build.0 = Debug|Any CPU
		{AA097962-C61B-43E3-B87F-1D01AB481B5E}.Release|Any CPU.ActiveCfg = Release|Any CPU
		{AA097962-C61B-43E3-B87F-1D01AB481B5E}.Release|Any CPU.Build.0 = Release|Any CPU
		{8EFFD099-F185-4AD5-9AF1-C3D6E198E522}.Debug|Any CPU.ActiveCfg = Debug|Any CPU
		{8EFFD099-F185-4AD5-9AF1-C3D6E198E522}.Debug|Any CPU.Build.0 = Debug|Any CPU
		{8EFFD099-F185-4AD5-9AF1-C3D6E198E522}.Release|Any CPU.ActiveCfg = Release|Any CPU
		{8EFFD099-F185-4AD5-9AF1-C3D6E198E522}.Release|Any CPU.Build.0 = Release|Any CPU
	EndGlobalSection
	GlobalSection(SolutionProperties) = preSolution
		HideSolutionNode = FALSE
	EndGlobalSection
	GlobalSection(ExtensibilityGlobals) = postSolution
		SolutionGuid = {C5EEA1D5-4848-4A35-92BF-5C5BD2336A5C}
	EndGlobalSection
EndGlobal
